<Solution>
  <Folder Name="/src/">
    <Project Path="src/StockFlow.Application/StockFlow.Application.csproj" />
    <Project Path="src/StockFlow.Domain/StockFlow.Domain.csproj" />
    <Project Path="src/StockFlow.Infrastructure/StockFlow.Infrastructure.csproj" />
    <Project Path="src/StockFlow.Web/StockFlow.Web.csproj" />
  </Folder>
  <Folder Name="/tests/">
    <Project Path="tests/StockFlow.Application.Tests/StockFlow.Application.Tests.csproj" />
    <Project Path="tests/StockFlow.Domain.Tests/StockFlow.Domain.Tests.csproj" />
    <Project Path="tests/StockFlow.Web.Tests/StockFlow.Web.Tests.csproj" />
  </Folder>
</Solution>
